
Microsoft Visual Studio Solution File, Format Version 12.00
# Visual Studio 14
VisualStudioVersion = 14.0.25420.1
MinimumVisualStudioVersion = 10.0.40219.1
Project("{FAE04EC0-301F-11D3-BF4B-00C04F79EFBC}") = "nakovChp17-06_CheckTreeBalance", "nakovChp17-06_CheckTreeBalance\nakovChp17-06_CheckTreeBalance.csproj", "{DDD7E246-D547-4ABD-A22B-0FA9762AD554}"
EndProject
Global
	GlobalSection(SolutionConfigurationPlatforms) = preSolution
		Debug|Any CPU = Debug|Any CPU
		Release|Any CPU = Release|Any CPU
	EndGlobalSection
	GlobalSection(ProjectConfigurationPlatforms) = postSolution
		{DDD7E246-D547-4ABD-A22B-0FA9762AD554}.Debug|Any CPU.ActiveCfg = Debug|Any CPU
		{DDD7E246-D547-4ABD-A22B-0FA9762AD554}.Debug|Any CPU.Build.0 = Debug|Any CPU
		{DDD7E246-D547-4ABD-A22B-0FA9762AD554}.Release|Any CPU.ActiveCfg = Release|Any CPU
		{DDD7E246-D547-4ABD-A22B-0FA9762AD554}.Release|Any CPU.Build.0 = Release|Any CPU
	EndGlobalSection
	GlobalSection(SolutionProperties) = preSolution
		HideSolutionNode = FALSE
	EndGlobalSection
EndGlobal
